
Microsoft Visual Studio Solution File, Format Version 12.00
# Visual Studio Version 16
VisualStudioVersion = 16.0.30611.23
MinimumVisualStudioVersion = 10.0.40219.1
Project("{FAE04EC0-301F-11D3-BF4B-00C04F79EFBC}") = "ThreadExample", "ThreadExample\ThreadExample.csproj", "{F582DA9A-2AA2-4A81-9A78-0F48B2C46909}"
EndProject
Global
	GlobalSection(SolutionConfigurationPlatforms) = preSolution
		Debug|Any CPU = Debug|Any CPU
		Release|Any CPU = Release|Any CPU
	EndGlobalSection
	GlobalSection(ProjectConfigurationPlatforms) = postSolution
		{F582DA9A-2AA2-4A81-9A78-0F48B2C46909}.Debug|Any CPU.ActiveCfg = Debug|Any CPU
		{F582DA9A-2AA2-4A81-9A78-0F48B2C46909}.Debug|Any CPU.Build.0 = Debug|Any CPU
		{F582DA9A-2AA2-4A81-9A78-0F48B2C46909}.Release|Any CPU.ActiveCfg = Release|Any CPU
		{F582DA9A-2AA2-4A81-9A78-0F48B2C46909}.Release|Any CPU.Build.0 = Release|Any CPU
	EndGlobalSection
	GlobalSection(SolutionProperties) = preSolution
		HideSolutionNode = FALSE
	EndGlobalSection
	GlobalSection(ExtensibilityGlobals) = postSolution
		SolutionGuid = {A864DDB2-474C-48D2-ADE9-7C4FE6EC4404}
	EndGlobalSection
EndGlobal
